
Microsoft Visual Studio Solution File, Format Version 12.00
# Visual Studio Version 17
VisualStudioVersion = 17.4.33205.214
MinimumVisualStudioVersion = 10.0.40219.1
Project("{FAE04EC0-301F-11D3-BF4B-00C04F79EFBC}") = "backendBlazServer", "backendBlazServer\backendBlazServer.csproj", "{FB6771C2-4D29-45AE-84B0-0B33679D0CF0}"
EndProject
Project("{FAE04EC0-301F-11D3-BF4B-00C04F79EFBC}") = "DataAccessLibrary", "DataAccessLibrary\DataAccessLibrary.csproj", "{C21866D8-AD91-4D51-804F-5CD4CE05AED7}"
EndProject
Global
	GlobalSection(SolutionConfigurationPlatforms) = preSolution
		Debug|Any CPU = Debug|Any CPU
		Release|Any CPU = Release|Any CPU
	EndGlobalSection
	GlobalSection(ProjectConfigurationPlatforms) = postSolution
		{FB6771C2-4D29-45AE-84B0-0B33679D0CF0}.Debug|Any CPU.ActiveCfg = Debug|Any CPU
		{FB6771C2-4D29-45AE-84B0-0B33679D0CF0}.Debug|Any CPU.Build.0 = Debug|Any CPU
		{FB6771C2-4D29-45AE-84B0-0B33679D0CF0}.Release|Any CPU.ActiveCfg = Release|Any CPU
		{FB6771C2-4D29-45AE-84B0-0B33679D0CF0}.Release|Any CPU.Build.0 = Release|Any CPU
		{C21866D8-AD91-4D51-804F-5CD4CE05AED7}.Debug|Any CPU.ActiveCfg = Debug|Any CPU
		{C21866D8-AD91-4D51-804F-5CD4CE05AED7}.Debug|Any CPU.Build.0 = Debug|Any CPU
		{C21866D8-AD91-4D51-804F-5CD4CE05AED7}.Release|Any CPU.ActiveCfg = Release|Any CPU
		{C21866D8-AD91-4D51-804F-5CD4CE05AED7}.Release|Any CPU.Build.0 = Release|Any CPU
	EndGlobalSection
	GlobalSection(SolutionProperties) = preSolution
		HideSolutionNode = FALSE
	EndGlobalSection
	GlobalSection(ExtensibilityGlobals) = postSolution
		SolutionGuid = {9C698C08-58B5-4449-8720-DC67EB74D083}
	EndGlobalSection
EndGlobal
